// !$*UTF8*$!
{
	archiveVersion = 1;
	classes = {
	};
	objectVersion = 56;
	objects = {

/* Begin PBXBuildFile section */
		6B48B6172A4D83BA0088FC53 /* ImageListCell.swift in Sources */ = {isa = PBXBuildFile; fileRef = 6B48B6162A4D83BA0088FC53 /* ImageListCell.swift */; };
		6B66BCA22A4C536300184865 /* AppDelegate.swift in Sources */ = {isa = PBXBuildFile; fileRef = 6B66BCA12A4C536300184865 /* AppDelegate.swift */; };
		6B66BCA42A4C536300184865 /* SceneDelegate.swift in Sources */ = {isa = PBXBuildFile; fileRef = 6B66BCA32A4C536300184865 /* SceneDelegate.swift */; };
		6B66BCA62A4C536300184865 /* ViewController.swift in Sources */ = {isa = PBXBuildFile; fileRef = 6B66BCA52A4C536300184865 /* ViewController.swift */; };
		6B66BCA92A4C536300184865 /* Main.storyboard in Resources */ = {isa = PBXBuildFile; fileRef = 6B66BCA72A4C536300184865 /* Main.storyboard */; };
		6B66BCAB2A4C536500184865 /* Assets.xcassets in Resources */ = {isa = PBXBuildFile; fileRef = 6B66BCAA2A4C536500184865 /* Assets.xcassets */; };
		6B66BCAE2A4C536500184865 /* LaunchScreen.storyboard in Resources */ = {isa = PBXBuildFile; fileRef = 6B66BCAC2A4C536500184865 /* LaunchScreen.storyboard */; };
		6B66BCB62A4C61A800184865 /* SongElement.swift in Sources */ = {isa = PBXBuildFile; fileRef = 6B66BCB52A4C61A800184865 /* SongElement.swift */; };
		6B66BCB82A4C61C200184865 /* NetworkManager.swift in Sources */ = {isa = PBXBuildFile; fileRef = 6B66BCB72A4C61C200184865 /* NetworkManager.swift */; };
/* End PBXBuildFile section */

/* Begin PBXFileReference section */
		6B48B6162A4D83BA0088FC53 /* ImageListCell.swift */ = {isa = PBXFileReference; lastKnownFileType = sourcecode.swift; path = ImageListCell.swift; sourceTree = "<group>"; };
		6B66BC9E2A4C536300184865 /* ConcurrencyPhotoList.app */ = {isa = PBXFileReference; explicitFileType = wrapper.application; includeInIndex = 0; path = ConcurrencyPhotoList.app; sourceTree = BUILT_PRODUCTS_DIR; };
		6B66BCA12A4C536300184865 /* AppDelegate.swift */ = {isa = PBXFileReference; lastKnownFileType = sourcecode.swift; path = AppDelegate.swift; sourceTree = "<group>"; };
		6B66BCA32A4C536300184865 /* SceneDelegate.swift */ = {isa = PBXFileReference; lastKnownFileType = sourcecode.swift; path = SceneDelegate.swift; sourceTree = "<group>"; };
		6B66BCA52A4C536300184865 /* ViewController.swift */ = {isa = PBXFileReference; lastKnownFileType = sourcecode.swift; path = ViewController.swift; sourceTree = "<group>"; };
		6B66BCA82A4C536300184865 /* Base */ = {isa = PBXFileReference; lastKnownFileType = file.storyboard; name = Base; path = Base.lproj/Main.storyboard; sourceTree = "<group>"; };
		6B66BCAA2A4C536500184865 /* Assets.xcassets */ = {isa = PBXFileReference; lastKnownFileType = folder.assetcatalog; path = Assets.xcassets; sourceTree = "<group>"; };
		6B66BCAD2A4C536500184865 /* Base */ = {isa = PBXFileReference; lastKnownFileType = file.storyboard; name = Base; path = Base.lproj/LaunchScreen.storyboard; sourceTree = "<group>"; };
		6B66BCAF2A4C536500184865 /* Info.plist */ = {isa = PBXFileReference; lastKnownFileType = text.plist.xml; path = Info.plist; sourceTree = "<group>"; };
		6B66BCB52A4C61A800184865 /* SongElement.swift */ = {isa = PBXFileReference; lastKnownFileType = sourcecode.swift; path = SongElement.swift; sourceTree = "<group>"; };
		6B66BCB72A4C61C200184865 /* NetworkManager.swift */ = {isa = PBXFileReference; lastKnownFileType = sourcecode.swift; path = NetworkManager.swift; sourceTree = "<group>"; };
/* End PBXFileReference section */

/* Begin PBXFrameworksBuildPhase section */
		6B66BC9B2A4C536300184865 /* Frameworks */ = {
			isa = PBXFrameworksBuildPhase;
			buildActionMask = 2147483647;
			files = (
			);
			runOnlyForDeploymentPostprocessing = 0;
		};
/* End PBXFrameworksBuildPhase section */

/* Begin PBXGroup section */
		6B66BC952A4C536300184865 = {
			isa = PBXGroup;
			children = (
				6B66BCA02A4C536300184865 /* ConcurrencyPhotoList */,
				6B66BC9F2A4C536300184865 /* Products */,
			);
			sourceTree = "<group>";
		};
		6B66BC9F2A4C536300184865 /* Products */ = {
			isa = PBXGroup;
			children = (
				6B66BC9E2A4C536300184865 /* ConcurrencyPhotoList.app */,
			);
			name = Products;
			sourceTree = "<group>";
		};
		6B66BCA02A4C536300184865 /* ConcurrencyPhotoList */ = {
			isa = PBXGroup;
			children = (
				6B66BCA12A4C536300184865 /* AppDelegate.swift */,
				6B66BCA32A4C536300184865 /* SceneDelegate.swift */,
				6B66BCB52A4C61A800184865 /* SongElement.swift */,
				6B66BCB72A4C61C200184865 /* NetworkManager.swift */,
				6B66BCA52A4C536300184865 /* ViewController.swift */,
				6B48B6162A4D83BA0088FC53 /* ImageListCell.swift */,
				6B66BCA72A4C536300184865 /* Main.storyboard */,
				6B66BCAA2A4C536500184865 /* Assets.xcassets */,
				6B66BCAC2A4C536500184865 /* LaunchScreen.storyboard */,
				6B66BCAF2A4C536500184865 /* Info.plist */,
			);
			path = ConcurrencyPhotoList;
			sourceTree = "<group>";
		};
/* End PBXGroup section */

/* Begin PBXNativeTarget section */
		6B66BC9D2A4C536300184865 /* ConcurrencyPhotoList */ = {
			isa = PBXNativeTarget;
			buildConfigurationList = 6B66BCB22A4C536500184865 /* Build configuration list for PBXNativeTarget "ConcurrencyPhotoList" */;
			buildPhases = (
				6B66BC9A2A4C536300184865 /* Sources */,
				6B66BC9B2A4C536300184865 /* Frameworks */,
				6B66BC9C2A4C536300184865 /* Resources */,
			);
			buildRules = (
			);
			dependencies = (
			);
			name = ConcurrencyPhotoList;
			productName = ConcurrencyPhotoList;
			productReference = 6B66BC9E2A4C536300184865 /* ConcurrencyPhotoList.app */;
			productType = "com.apple.product-type.application";
		};
/* End PBXNativeTarget section */

/* Begin PBXProject section */
		6B66BC962A4C536300184865 /* Project object */ = {
			isa = PBXProject;
			attributes = {
				BuildIndependentTargetsInParallel = 1;
				LastSwiftUpdateCheck = 1430;
				LastUpgradeCheck = 1430;
				TargetAttributes = {
					6B66BC9D2A4C536300184865 = {
						CreatedOnToolsVersion = 14.3.1;
					};
				};
			};
			buildConfigurationList = 6B66BC992A4C536300184865 /* Build configuration list for PBXProject "ConcurrencyPhotoList" */;
			compatibilityVersion = "Xcode 14.0";
			developmentRegion = en;
			hasScannedForEncodings = 0;
			knownRegions = (
				en,
				Base,
			);
			mainGroup = 6B66BC952A4C536300184865;
			productRefGroup = 6B66BC9F2A4C536300184865 /* Products */;
			projectDirPath = "";
			projectRoot = "";
			targets = (
				6B66BC9D2A4C536300184865 /* ConcurrencyPhotoList */,
			);
		};
/* End PBXProject section */

/* Begin PBXResourcesBuildPhase section */
		6B66BC9C2A4C536300184865 /* Resources */ = {
			isa = PBXResourcesBuildPhase;
			buildActionMask = 2147483647;
			files = (
				6B66BCAE2A4C536500184865 /* LaunchScreen.storyboard in Resources */,
				6B66BCAB2A4C536500184865 /* Assets.xcassets in Resources */,
				6B66BCA92A4C536300184865 /* Main.storyboard in Resources */,
			);
			runOnlyForDeploymentPostprocessing = 0;
		};
/* End PBXResourcesBuildPhase section */

/* Begin PBXSourcesBuildPhase section */
		6B66BC9A2A4C536300184865 /* Sources */ = {
			isa = PBXSourcesBuildPhase;
			buildActionMask = 2147483647;
			files = (
				6B66BCA62A4C536300184865 /* ViewController.swift in Sources */,
				6B48B6172A4D83BA0088FC53 /* ImageListCell.swift in Sources */,
				6B66BCB62A4C61A800184865 /* SongElement.swift in Sources */,
				6B66BCB82A4C61C200184865 /* NetworkManager.swift in Sources */,
				6B66BCA22A4C536300184865 /* AppDelegate.swift in Sources */,
				6B66BCA42A4C536300184865 /* SceneDelegate.swift in Sources */,
			);
			runOnlyForDeploymentPostprocessing = 0;
		};
/* End PBXSourcesBuildPhase section */

/* Begin PBXVariantGroup section */
		6B66BCA72A4C536300184865 /* Main.storyboard */ = {
			isa = PBXVariantGroup;
			children = (
				6B66BCA82A4C536300184865 /* Base */,
			);
			name = Main.storyboard;
			sourceTree = "<group>";
		};
		6B66BCAC2A4C536500184865 /* LaunchScreen.storyboard */ = {
			isa = PBXVariantGroup;
			children = (
				6B66BCAD2A4C536500184865 /* Base */,
			);
			name = LaunchScreen.storyboard;
			sourceTree = "<group>";
		};
/* End PBXVariantGroup section */

/* Begin XCBuildConfiguration section */
		6B66BCB02A4C536500184865 /* Debug */ = {
			isa = XCBuildConfiguration;
			buildSettings = {
				ALWAYS_SEARCH_USER_PATHS = NO;
				CLANG_ANALYZER_NONNULL = YES;
				CLANG_ANALYZER_NUMBER_OBJECT_CONVERSION = YES_AGGRESSIVE;
				CLANG_CXX_LANGUAGE_STANDARD = "gnu++20";
				CLANG_ENABLE_MODULES = YES;
				CLANG_ENABLE_OBJC_ARC = YES;
				CLANG_ENABLE_OBJC_WEAK = YES;
				CLANG_WARN_BLOCK_CAPTURE_AUTORELEASING = YES;
				CLANG_WARN_BOOL_CONVERSION = YES;
				CLANG_WARN_COMMA = YES;
				CLANG_WARN_CONSTANT_CONVERSION = YES;
				CLANG_WARN_DEPRECATED_OBJC_IMPLEMENTATIONS = YES;
				CLANG_WARN_DIRECT_OBJC_ISA_USAGE = YES_ERROR;
				CLANG_WARN_DOCUMENTATION_COMMENTS = YES;
				CLANG_WARN_EMPTY_BODY = YES;
				CLANG_WARN_ENUM_CONVERSION = YES;
				CLANG_WARN_INFINITE_RECURSION = YES;
				CLANG_WARN_INT_CONVERSION = YES;
				CLANG_WARN_NON_LITERAL_NULL_CONVERSION = YES;
				CLANG_WARN_OBJC_IMPLICIT_RETAIN_SELF = YES;
				CLANG_WARN_OBJC_LITERAL_CONVERSION = YES;
				CLANG_WARN_OBJC_ROOT_CLASS = YES_ERROR;
				CLANG_WARN_QUOTED_INCLUDE_IN_FRAMEWORK_HEADER = YES;
				CLANG_WARN_RANGE_LOOP_ANALYSIS = YES;
				CLANG_WARN_STRICT_PROTOTYPES = YES;
				CLANG_WARN_SUSPICIOUS_MOVE = YES;
				CLANG_WARN_UNGUARDED_AVAILABILITY = YES_AGGRESSIVE;
				CLANG_WARN_UNREACHABLE_CODE = YES;
				CLANG_WARN__DUPLICATE_METHOD_MATCH = YES;
				COPY_PHASE_STRIP = NO;
				DEBUG_INFORMATION_FORMAT = dwarf;
				ENABLE_STRICT_OBJC_MSGSEND = YES;
				ENABLE_TESTABILITY = YES;
				GCC_C_LANGUAGE_STANDARD = gnu11;
				GCC_DYNAMIC_NO_PIC = NO;
				GCC_NO_COMMON_BLOCKS = YES;
				GCC_OPTIMIZATION_LEVEL = 0;
				GCC_PREPROCESSOR_DEFINITIONS = (
					"DEBUG=1",
					"$(inherited)",
				);
				GCC_WARN_64_TO_32_BIT_CONVERSION = YES;
				GCC_WARN_ABOUT_RETURN_TYPE = YES_ERROR;
				GCC_WARN_UNDECLARED_SELECTOR = YES;
				GCC_WARN_UNINITIALIZED_AUTOS = YES_AGGRESSIVE;
				GCC_WARN_UNUSED_FUNCTION = YES;
				GCC_WARN_UNUSED_VARIABLE = YES;
				IPHONEOS_DEPLOYMENT_TARGET = 16.4;
				MTL_ENABLE_DEBUG_INFO = INCLUDE_SOURCE;
				MTL_FAST_MATH = YES;
				ONLY_ACTIVE_ARCH = YES;
				SDKROOT = iphoneos;
				SWIFT_ACTIVE_COMPILATION_CONDITIONS = DEBUG;
				SWIFT_OPTIMIZATION_LEVEL = "-Onone";
			};
			name = Debug;
		};
		6B66BCB12A4C536500184865 /* Release */ = {
			isa = XCBuildConfiguration;
			buildSettings = {
				ALWAYS_SEARCH_USER_PATHS = NO;
				CLANG_ANALYZER_NONNULL = YES;
				CLANG_ANALYZER_NUMBER_OBJECT_CONVERSION = YES_AGGRESSIVE;
				CLANG_CXX_LANGUAGE_STANDARD = "gnu++20";
				CLANG_ENABLE_MODULES = YES;
				CLANG_ENABLE_OBJC_ARC = YES;
				CLANG_ENABLE_OBJC_WEAK = YES;
				CLANG_WARN_BLOCK_CAPTURE_AUTORELEASING = YES;
				CLANG_WARN_BOOL_CONVERSION = YES;
				CLANG_WARN_COMMA = YES;
				CLANG_WARN_CONSTANT_CONVERSION = YES;
				CLANG_WARN_DEPRECATED_OBJC_IMPLEMENTATIONS = YES;
				CLANG_WARN_DIRECT_OBJC_ISA_USAGE = YES_ERROR;
				CLANG_WARN_DOCUMENTATION_COMMENTS = YES;
				CLANG_WARN_EMPTY_BODY = YES;
				CLANG_WARN_ENUM_CONVERSION = YES;
				CLANG_WARN_INFINITE_RECURSION = YES;
				CLANG_WARN_INT_CONVERSION = YES;
				CLANG_WARN_NON_LITERAL_NULL_CONVERSION = YES;
				CLANG_WARN_OBJC_IMPLICIT_RETAIN_SELF = YES;
				CLANG_WARN_OBJC_LITERAL_CONVERSION = YES;
				CLANG_WARN_OBJC_ROOT_CLASS = YES_ERROR;
				CLANG_WARN_QUOTED_INCLUDE_IN_FRAMEWORK_HEADER = YES;
				CLANG_WARN_RANGE_LOOP_ANALYSIS = YES;
				CLANG_WARN_STRICT_PROTOTYPES = YES;
				CLANG_WARN_SUSPICIOUS_MOVE = YES;
				CLANG_WARN_UNGUARDED_AVAILABILITY = YES_AGGRESSIVE;
				CLANG_WARN_UNREACHABLE_CODE = YES;
				CLANG_WARN__DUPLICATE_METHOD_MATCH = YES;
				COPY_PHASE_STRIP = NO;
				DEBUG_INFORMATION_FORMAT = "dwarf-with-dsym";
				ENABLE_NS_ASSERTIONS = NO;
				ENABLE_STRICT_OBJC_MSGSEND = YES;
				GCC_C_LANGUAGE_STANDARD = gnu11;
				GCC_NO_COMMON_BLOCKS = YES;
				GCC_WARN_64_TO_32_BIT_CONVERSION = YES;
				GCC_WARN_ABOUT_RETURN_TYPE = YES_ERROR;
				GCC_WARN_UNDECLARED_SELECTOR = YES;
				GCC_WARN_UNINITIALIZED_AUTOS = YES_AGGRESSIVE;
				GCC_WARN_UNUSED_FUNCTION = YES;
				GCC_WARN_UNUSED_VARIABLE = YES;
				IPHONEOS_DEPLOYMENT_TARGET = 16.4;
				MTL_ENABLE_DEBUG_INFO = NO;
				MTL_FAST_MATH = YES;
				SDKROOT = iphoneos;
				SWIFT_COMPILATION_MODE = wholemodule;
				SWIFT_OPTIMIZATION_LEVEL = "-O";
				VALIDATE_PRODUCT = YES;
			};
			name = Release;
		};
		6B66BCB32A4C536500184865 /* Debug */ = {
			isa = XCBuildConfiguration;
			buildSettings = {
				ASSETCATALOG_COMPILER_APPICON_NAME = AppIcon;
				ASSETCATALOG_COMPILER_GLOBAL_ACCENT_COLOR_NAME = AccentColor;
				CODE_SIGN_STYLE = Automatic;
				CURRENT_PROJECT_VERSION = 1;
				DEVELOPMENT_TEAM = 6FUZ562L75;
				GENERATE_INFOPLIST_FILE = YES;
				INFOPLIST_FILE = ConcurrencyPhotoList/Info.plist;
				INFOPLIST_KEY_UIApplicationSupportsIndirectInputEvents = YES;
				INFOPLIST_KEY_UILaunchStoryboardName = LaunchScreen;
				INFOPLIST_KEY_UIMainStoryboardFile = Main;
				INFOPLIST_KEY_UISupportedInterfaceOrientations_iPad = "UIInterfaceOrientationPortrait UIInterfaceOrientationPortraitUpsideDown UIInterfaceOrientationLandscapeLeft UIInterfaceOrientationLandscapeRight";
				INFOPLIST_KEY_UISupportedInterfaceOrientations_iPhone = "UIInterfaceOrientationPortrait UIInterfaceOrientationLandscapeLeft UIInterfaceOrientationLandscapeRight";
				LD_RUNPATH_SEARCH_PATHS = (
					"$(inherited)",
					"@executable_path/Frameworks",
				);
				MARKETING_VERSION = 1.0;
				PRODUCT_BUNDLE_IDENTIFIER = com.krishna.ConcurrencyPhotoList;
				PRODUCT_NAME = "$(TARGET_NAME)";
				SWIFT_EMIT_LOC_STRINGS = YES;
				SWIFT_VERSION = 5.0;
				TARGETED_DEVICE_FAMILY = "1,2";
			};
			name = Debug;
		};
		6B66BCB42A4C536500184865 /* Release */ = {
			isa = XCBuildConfiguration;
			buildSettings = {
				ASSETCATALOG_COMPILER_APPICON_NAME = AppIcon;
				ASSETCATALOG_COMPILER_GLOBAL_ACCENT_COLOR_NAME = AccentColor;
				CODE_SIGN_STYLE = Automatic;
				CURRENT_PROJECT_VERSION = 1;
				DEVELOPMENT_TEAM = 6FUZ562L75;
				GENERATE_INFOPLIST_FILE = YES;
				INFOPLIST_FILE = ConcurrencyPhotoList/Info.plist;
				INFOPLIST_KEY_UIApplicationSupportsIndirectInputEvents = YES;
				INFOPLIST_KEY_UILaunchStoryboardName = LaunchScreen;
				INFOPLIST_KEY_UIMainStoryboardFile = Main;
				INFOPLIST_KEY_UISupportedInterfaceOrientations_iPad = "UIInterfaceOrientationPortrait UIInterfaceOrientationPortraitUpsideDown UIInterfaceOrientationLandscapeLeft UIInterfaceOrientationLandscapeRight";
				INFOPLIST_KEY_UISupportedInterfaceOrientations_iPhone = "UIInterfaceOrientationPortrait UIInterfaceOrientationLandscapeLeft UIInterfaceOrientationLandscapeRight";
				LD_RUNPATH_SEARCH_PATHS = (
					"$(inherited)",
					"@executable_path/Frameworks",
				);
				MARKETING_VERSION = 1.0;
				PRODUCT_BUNDLE_IDENTIFIER = com.krishna.ConcurrencyPhotoList;
				PRODUCT_NAME = "$(TARGET_NAME)";
				SWIFT_EMIT_LOC_STRINGS = YES;
				SWIFT_VERSION = 5.0;
				TARGETED_DEVICE_FAMILY = "1,2";
			};
			name = Release;
		};
/* End XCBuildConfiguration section */

/* Begin XCConfigurationList section */
		6B66BC992A4C536300184865 /* Build configuration list for PBXProject "ConcurrencyPhotoList" */ = {
			isa = XCConfigurationList;
			buildConfigurations = (
				6B66BCB02A4C536500184865 /* Debug */,
				6B66BCB12A4C536500184865 /* Release */,
			);
			defaultConfigurationIsVisible = 0;
			defaultConfigurationName = Release;
		};
		6B66BCB22A4C536500184865 /* Build configuration list for PBXNativeTarget "ConcurrencyPhotoList" */ = {
			isa = XCConfigurationList;
			buildConfigurations = (
				6B66BCB32A4C536500184865 /* Debug */,
				6B66BCB42A4C536500184865 /* Release */,
			);
			defaultConfigurationIsVisible = 0;
			defaultConfigurationName = Release;
		};
/* End XCConfigurationList section */
	};
	rootObject = 6B66BC962A4C536300184865 /* Project object */;
}
